// !$*UTF8*$!
{
	archiveVersion = 1;
	classes = {
	};
	objectVersion = 50;
	objects = {

/* Begin PBXBuildFile section */
		EA25C15C21457F530014ECBB /* AppDelegate.swift in Sources */ = {isa = PBXBuildFile; fileRef = EA25C15B21457F530014ECBB /* AppDelegate.swift */; };
		EA25C15E21457F530014ECBB /* ViewController.swift in Sources */ = {isa = PBXBuildFile; fileRef = EA25C15D21457F530014ECBB /* ViewController.swift */; };
		EA25C16121457F530014ECBB /* Main.storyboard in Resources */ = {isa = PBXBuildFile; fileRef = EA25C15F21457F530014ECBB /* Main.storyboard */; };
		EA25C16321457F580014ECBB /* Assets.xcassets in Resources */ = {isa = PBXBuildFile; fileRef = EA25C16221457F580014ECBB /* Assets.xcassets */; };
		EA25C16621457F580014ECBB /* LaunchScreen.storyboard in Resources */ = {isa = PBXBuildFile; fileRef = EA25C16421457F580014ECBB /* LaunchScreen.storyboard */; };
		EA25C17121457F580014ECBB /* googleMapAppTests.swift in Sources */ = {isa = PBXBuildFile; fileRef = EA25C17021457F580014ECBB /* googleMapAppTests.swift */; };
		EA25C17C21457F580014ECBB /* googleMapAppUITests.swift in Sources */ = {isa = PBXBuildFile; fileRef = EA25C17B21457F580014ECBB /* googleMapAppUITests.swift */; };
/* End PBXBuildFile section */

/* Begin PBXContainerItemProxy section */
		EA25C16D21457F580014ECBB /* PBXContainerItemProxy */ = {
			isa = PBXContainerItemProxy;
			containerPortal = EA25C15021457F520014ECBB /* Project object */;
			proxyType = 1;
			remoteGlobalIDString = EA25C15721457F530014ECBB;
			remoteInfo = googleMapApp;
		};
		EA25C17821457F580014ECBB /* PBXContainerItemProxy */ = {
			isa = PBXContainerItemProxy;
			containerPortal = EA25C15021457F520014ECBB /* Project object */;
			proxyType = 1;
			remoteGlobalIDString = EA25C15721457F530014ECBB;
			remoteInfo = googleMapApp;
		};
/* End PBXContainerItemProxy section */

/* Begin PBXFileReference section */
		EA25C15821457F530014ECBB /* googleMapApp.app */ = {isa = PBXFileReference; explicitFileType = wrapper.application; includeInIndex = 0; path = googleMapApp.app; sourceTree = BUILT_PRODUCTS_DIR; };
		EA25C15B21457F530014ECBB /* AppDelegate.swift */ = {isa = PBXFileReference; lastKnownFileType = sourcecode.swift; path = AppDelegate.swift; sourceTree = "<group>"; };
		EA25C15D21457F530014ECBB /* ViewController.swift */ = {isa = PBXFileReference; lastKnownFileType = sourcecode.swift; path = ViewController.swift; sourceTree = "<group>"; };
		EA25C16021457F530014ECBB /* Base */ = {isa = PBXFileReference; lastKnownFileType = file.storyboard; name = Base; path = Base.lproj/Main.storyboard; sourceTree = "<group>"; };
		EA25C16221457F580014ECBB /* Assets.xcassets */ = {isa = PBXFileReference; lastKnownFileType = folder.assetcatalog; path = Assets.xcassets; sourceTree = "<group>"; };
		EA25C16521457F580014ECBB /* Base */ = {isa = PBXFileReference; lastKnownFileType = file.storyboard; name = Base; path = Base.lproj/LaunchScreen.storyboard; sourceTree = "<group>"; };
		EA25C16721457F580014ECBB /* Info.plist */ = {isa = PBXFileReference; lastKnownFileType = text.plist.xml; path = Info.plist; sourceTree = "<group>"; };
		EA25C16C21457F580014ECBB /* googleMapAppTests.xctest */ = {isa = PBXFileReference; explicitFileType = wrapper.cfbundle; includeInIndex = 0; path = googleMapAppTests.xctest; sourceTree = BUILT_PRODUCTS_DIR; };
		EA25C17021457F580014ECBB /* googleMapAppTests.swift */ = {isa = PBXFileReference; lastKnownFileType = sourcecode.swift; path = googleMapAppTests.swift; sourceTree = "<group>"; };
		EA25C17221457F580014ECBB /* Info.plist */ = {isa = PBXFileReference; lastKnownFileType = text.plist.xml; path = Info.plist; sourceTree = "<group>"; };
		EA25C17721457F580014ECBB /* googleMapAppUITests.xctest */ = {isa = PBXFileReference; explicitFileType = wrapper.cfbundle; includeInIndex = 0; path = googleMapAppUITests.xctest; sourceTree = BUILT_PRODUCTS_DIR; };
		EA25C17B21457F580014ECBB /* googleMapAppUITests.swift */ = {isa = PBXFileReference; lastKnownFileType = sourcecode.swift; path = googleMapAppUITests.swift; sourceTree = "<group>"; };
		EA25C17D21457F580014ECBB /* Info.plist */ = {isa = PBXFileReference; lastKnownFileType = text.plist.xml; path = Info.plist; sourceTree = "<group>"; };
/* End PBXFileReference section */

/* Begin PBXFrameworksBuildPhase section */
		EA25C15521457F530014ECBB /* Frameworks */ = {
			isa = PBXFrameworksBuildPhase;
			buildActionMask = 2147483647;
			files = (
			);
			runOnlyForDeploymentPostprocessing = 0;
		};
		EA25C16921457F580014ECBB /* Frameworks */ = {
			isa = PBXFrameworksBuildPhase;
			buildActionMask = 2147483647;
			files = (
			);
			runOnlyForDeploymentPostprocessing = 0;
		};
		EA25C17421457F580014ECBB /* Frameworks */ = {
			isa = PBXFrameworksBuildPhase;
			buildActionMask = 2147483647;
			files = (
			);
			runOnlyForDeploymentPostprocessing = 0;
		};
/* End PBXFrameworksBuildPhase section */

/* Begin PBXGroup section */
		EA25C14F21457F520014ECBB = {
			isa = PBXGroup;
			children = (
				EA25C15A21457F530014ECBB /* googleMapApp */,
				EA25C16F21457F580014ECBB /* googleMapAppTests */,
				EA25C17A21457F580014ECBB /* googleMapAppUITests */,
				EA25C15921457F530014ECBB /* Products */,
			);
			sourceTree = "<group>";
		};
		EA25C15921457F530014ECBB /* Products */ = {
			isa = PBXGroup;
			children = (
				EA25C15821457F530014ECBB /* googleMapApp.app */,
				EA25C16C21457F580014ECBB /* googleMapAppTests.xctest */,
				EA25C17721457F580014ECBB /* googleMapAppUITests.xctest */,
			);
			name = Products;
			sourceTree = "<group>";
		};
		EA25C15A21457F530014ECBB /* googleMapApp */ = {
			isa = PBXGroup;
			children = (
				EA25C15B21457F530014ECBB /* AppDelegate.swift */,
				EA25C15D21457F530014ECBB /* ViewController.swift */,
				EA25C15F21457F530014ECBB /* Main.storyboard */,
				EA25C16221457F580014ECBB /* Assets.xcassets */,
				EA25C16421457F580014ECBB /* LaunchScreen.storyboard */,
				EA25C16721457F580014ECBB /* Info.plist */,
			);
			path = googleMapApp;
			sourceTree = "<group>";
		};
		EA25C16F21457F580014ECBB /* googleMapAppTests */ = {
			isa = PBXGroup;
			children = (
				EA25C17021457F580014ECBB /* googleMapAppTests.swift */,
				EA25C17221457F580014ECBB /* Info.plist */,
			);
			path = googleMapAppTests;
			sourceTree = "<group>";
		};
		EA25C17A21457F580014ECBB /* googleMapAppUITests */ = {
			isa = PBXGroup;
			children = (
				EA25C17B21457F580014ECBB /* googleMapAppUITests.swift */,
				EA25C17D21457F580014ECBB /* Info.plist */,
			);
			path = googleMapAppUITests;
			sourceTree = "<group>";
		};
/* End PBXGroup section */

/* Begin PBXNativeTarget section */
		EA25C15721457F530014ECBB /* googleMapApp */ = {
			isa = PBXNativeTarget;
			buildConfigurationList = EA25C18021457F580014ECBB /* Build configuration list for PBXNativeTarget "googleMapApp" */;
			buildPhases = (
				EA25C15421457F530014ECBB /* Sources */,
				EA25C15521457F530014ECBB /* Frameworks */,
				EA25C15621457F530014ECBB /* Resources */,
			);
			buildRules = (
			);
			dependencies = (
			);
			name = googleMapApp;
			productName = googleMapApp;
			productReference = EA25C15821457F530014ECBB /* googleMapApp.app */;
			productType = "com.apple.product-type.application";
		};
		EA25C16B21457F580014ECBB /* googleMapAppTests */ = {
			isa = PBXNativeTarget;
			buildConfigurationList = EA25C18321457F580014ECBB /* Build configuration list for PBXNativeTarget "googleMapAppTests" */;
			buildPhases = (
				EA25C16821457F580014ECBB /* Sources */,
				EA25C16921457F580014ECBB /* Frameworks */,
				EA25C16A21457F580014ECBB /* Resources */,
			);
			buildRules = (
			);
			dependencies = (
				EA25C16E21457F580014ECBB /* PBXTargetDependency */,
			);
			name = googleMapAppTests;
			productName = googleMapAppTests;
			productReference = EA25C16C21457F580014ECBB /* googleMapAppTests.xctest */;
			productType = "com.apple.product-type.bundle.unit-test";
		};
		EA25C17621457F580014ECBB /* googleMapAppUITests */ = {
			isa = PBXNativeTarget;
			buildConfigurationList = EA25C18621457F580014ECBB /* Build configuration list for PBXNativeTarget "googleMapAppUITests" */;
			buildPhases = (
				EA25C17321457F580014ECBB /* Sources */,
				EA25C17421457F580014ECBB /* Frameworks */,
				EA25C17521457F580014ECBB /* Resources */,
			);
			buildRules = (
			);
			dependencies = (
				EA25C17921457F580014ECBB /* PBXTargetDependency */,
			);
			name = googleMapAppUITests;
			productName = googleMapAppUITests;
			productReference = EA25C17721457F580014ECBB /* googleMapAppUITests.xctest */;
			productType = "com.apple.product-type.bundle.ui-testing";
		};
/* End PBXNativeTarget section */

/* Begin PBXProject section */
		EA25C15021457F520014ECBB /* Project object */ = {
			isa = PBXProject;
			attributes = {
				LastSwiftUpdateCheck = 0940;
				LastUpgradeCheck = 0940;
				ORGANIZATIONNAME = mapapp;
				TargetAttributes = {
					EA25C15721457F530014ECBB = {
						CreatedOnToolsVersion = 9.4.1;
					};
					EA25C16B21457F580014ECBB = {
						CreatedOnToolsVersion = 9.4.1;
						TestTargetID = EA25C15721457F530014ECBB;
					};
					EA25C17621457F580014ECBB = {
						CreatedOnToolsVersion = 9.4.1;
						TestTargetID = EA25C15721457F530014ECBB;
					};
				};
			};
			buildConfigurationList = EA25C15321457F520014ECBB /* Build configuration list for PBXProject "googleMapApp" */;
			compatibilityVersion = "Xcode 9.3";
			developmentRegion = en;
			hasScannedForEncodings = 0;
			knownRegions = (
				en,
				Base,
			);
			mainGroup = EA25C14F21457F520014ECBB;
			productRefGroup = EA25C15921457F530014ECBB /* Products */;
			projectDirPath = "";
			projectRoot = "";
			targets = (
				EA25C15721457F530014ECBB /* googleMapApp */,
				EA25C16B21457F580014ECBB /* googleMapAppTests */,
				EA25C17621457F580014ECBB /* googleMapAppUITests */,
			);
		};
/* End PBXProject section */

/* Begin PBXResourcesBuildPhase section */
		EA25C15621457F530014ECBB /* Resources */ = {
			isa = PBXResourcesBuildPhase;
			buildActionMask = 2147483647;
			files = (
				EA25C16621457F580014ECBB /* LaunchScreen.storyboard in Resources */,
				EA25C16321457F580014ECBB /* Assets.xcassets in Resources */,
				EA25C16121457F530014ECBB /* Main.storyboard in Resources */,
			);
			runOnlyForDeploymentPostprocessing = 0;
		};
		EA25C16A21457F580014ECBB /* Resources */ = {
			isa = PBXResourcesBuildPhase;
			buildActionMask = 2147483647;
			files = (
			);
			runOnlyForDeploymentPostprocessing = 0;
		};
		EA25C17521457F580014ECBB /* Resources */ = {
			isa = PBXResourcesBuildPhase;
			buildActionMask = 2147483647;
			files = (
			);
			runOnlyForDeploymentPostprocessing = 0;
		};
/* End PBXResourcesBuildPhase section */

/* Begin PBXSourcesBuildPhase section */
		EA25C15421457F530014ECBB /* Sources */ = {
			isa = PBXSourcesBuildPhase;
			buildActionMask = 2147483647;
			files = (
				EA25C15E21457F530014ECBB /* ViewController.swift in Sources */,
				EA25C15C21457F530014ECBB /* AppDelegate.swift in Sources */,
			);
			runOnlyForDeploymentPostprocessing = 0;
		};
		EA25C16821457F580014ECBB /* Sources */ = {
			isa = PBXSourcesBuildPhase;
			buildActionMask = 2147483647;
			files = (
				EA25C17121457F580014ECBB /* googleMapAppTests.swift in Sources */,
			);
			runOnlyForDeploymentPostprocessing = 0;
		};
		EA25C17321457F580014ECBB /* Sources */ = {
			isa = PBXSourcesBuildPhase;
			buildActionMask = 2147483647;
			files = (
				EA25C17C21457F580014ECBB /* googleMapAppUITests.swift in Sources */,
			);
			runOnlyForDeploymentPostprocessing = 0;
		};
/* End PBXSourcesBuildPhase section */

/* Begin PBXTargetDependency section */
		EA25C16E21457F580014ECBB /* PBXTargetDependency */ = {
			isa = PBXTargetDependency;
			target = EA25C15721457F530014ECBB /* googleMapApp */;
			targetProxy = EA25C16D21457F580014ECBB /* PBXContainerItemProxy */;
		};
		EA25C17921457F580014ECBB /* PBXTargetDependency */ = {
			isa = PBXTargetDependency;
			target = EA25C15721457F530014ECBB /* googleMapApp */;
			targetProxy = EA25C17821457F580014ECBB /* PBXContainerItemProxy */;
		};
/* End PBXTargetDependency section */

/* Begin PBXVariantGroup section */
		EA25C15F21457F530014ECBB /* Main.storyboard */ = {
			isa = PBXVariantGroup;
			children = (
				EA25C16021457F530014ECBB /* Base */,
			);
			name = Main.storyboard;
			sourceTree = "<group>";
		};
		EA25C16421457F580014ECBB /* LaunchScreen.storyboard */ = {
			isa = PBXVariantGroup;
			children = (
				EA25C16521457F580014ECBB /* Base */,
			);
			name = LaunchScreen.storyboard;
			sourceTree = "<group>";
		};
/* End PBXVariantGroup section */

/* Begin XCBuildConfiguration section */
		EA25C17E21457F580014ECBB /* Debug */ = {
			isa = XCBuildConfiguration;
			buildSettings = {
				ALWAYS_SEARCH_USER_PATHS = NO;
				CLANG_ANALYZER_NONNULL = YES;
				CLANG_ANALYZER_NUMBER_OBJECT_CONVERSION = YES_AGGRESSIVE;
				CLANG_CXX_LANGUAGE_STANDARD = "gnu++14";
				CLANG_CXX_LIBRARY = "libc++";
				CLANG_ENABLE_MODULES = YES;
				CLANG_ENABLE_OBJC_ARC = YES;
				CLANG_ENABLE_OBJC_WEAK = YES;
				CLANG_WARN_BLOCK_CAPTURE_AUTORELEASING = YES;
				CLANG_WARN_BOOL_CONVERSION = YES;
				CLANG_WARN_COMMA = YES;
				CLANG_WARN_CONSTANT_CONVERSION = YES;
				CLANG_WARN_DEPRECATED_OBJC_IMPLEMENTATIONS = YES;
				CLANG_WARN_DIRECT_OBJC_ISA_USAGE = YES_ERROR;
				CLANG_WARN_DOCUMENTATION_COMMENTS = YES;
				CLANG_WARN_EMPTY_BODY = YES;
				CLANG_WARN_ENUM_CONVERSION = YES;
				CLANG_WARN_INFINITE_RECURSION = YES;
				CLANG_WARN_INT_CONVERSION = YES;
				CLANG_WARN_NON_LITERAL_NULL_CONVERSION = YES;
				CLANG_WARN_OBJC_IMPLICIT_RETAIN_SELF = YES;
				CLANG_WARN_OBJC_LITERAL_CONVERSION = YES;
				CLANG_WARN_OBJC_ROOT_CLASS = YES_ERROR;
				CLANG_WARN_RANGE_LOOP_ANALYSIS = YES;
				CLANG_WARN_STRICT_PROTOTYPES = YES;
				CLANG_WARN_SUSPICIOUS_MOVE = YES;
				CLANG_WARN_UNGUARDED_AVAILABILITY = YES_AGGRESSIVE;
				CLANG_WARN_UNREACHABLE_CODE = YES;
				CLANG_WARN__DUPLICATE_METHOD_MATCH = YES;
				CODE_SIGN_IDENTITY = "iPhone Developer";
				COPY_PHASE_STRIP = NO;
				DEBUG_INFORMATION_FORMAT = dwarf;
				ENABLE_STRICT_OBJC_MSGSEND = YES;
				ENABLE_TESTABILITY = YES;
				GCC_C_LANGUAGE_STANDARD = gnu11;
				GCC_DYNAMIC_NO_PIC = NO;
				GCC_NO_COMMON_BLOCKS = YES;
				GCC_OPTIMIZATION_LEVEL = 0;
				GCC_PREPROCESSOR_DEFINITIONS = (
					"DEBUG=1",
					"$(inherited)",
				);
				GCC_WARN_64_TO_32_BIT_CONVERSION = YES;
				GCC_WARN_ABOUT_RETURN_TYPE = YES_ERROR;
				GCC_WARN_UNDECLARED_SELECTOR = YES;
				GCC_WARN_UNINITIALIZED_AUTOS = YES_AGGRESSIVE;
				GCC_WARN_UNUSED_FUNCTION = YES;
				GCC_WARN_UNUSED_VARIABLE = YES;
				IPHONEOS_DEPLOYMENT_TARGET = 11.4;
				MTL_ENABLE_DEBUG_INFO = YES;
				ONLY_ACTIVE_ARCH = YES;
				SDKROOT = iphoneos;
				SWIFT_ACTIVE_COMPILATION_CONDITIONS = DEBUG;
				SWIFT_OPTIMIZATION_LEVEL = "-Onone";
			};
			name = Debug;
		};
		EA25C17F21457F580014ECBB /* Release */ = {
			isa = XCBuildConfiguration;
			buildSettings = {
				ALWAYS_SEARCH_USER_PATHS = NO;
				CLANG_ANALYZER_NONNULL = YES;
				CLANG_ANALYZER_NUMBER_OBJECT_CONVERSION = YES_AGGRESSIVE;
				CLANG_CXX_LANGUAGE_STANDARD = "gnu++14";
				CLANG_CXX_LIBRARY = "libc++";
				CLANG_ENABLE_MODULES = YES;
				CLANG_ENABLE_OBJC_ARC = YES;
				CLANG_ENABLE_OBJC_WEAK = YES;
				CLANG_WARN_BLOCK_CAPTURE_AUTORELEASING = YES;
				CLANG_WARN_BOOL_CONVERSION = YES;
				CLANG_WARN_COMMA = YES;
				CLANG_WARN_CONSTANT_CONVERSION = YES;
				CLANG_WARN_DEPRECATED_OBJC_IMPLEMENTATIONS = YES;
				CLANG_WARN_DIRECT_OBJC_ISA_USAGE = YES_ERROR;
				CLANG_WARN_DOCUMENTATION_COMMENTS = YES;
				CLANG_WARN_EMPTY_BODY = YES;
				CLANG_WARN_ENUM_CONVERSION = YES;
				CLANG_WARN_INFINITE_RECURSION = YES;
				CLANG_WARN_INT_CONVERSION = YES;
				CLANG_WARN_NON_LITERAL_NULL_CONVERSION = YES;
				CLANG_WARN_OBJC_IMPLICIT_RETAIN_SELF = YES;
				CLANG_WARN_OBJC_LITERAL_CONVERSION = YES;
				CLANG_WARN_OBJC_ROOT_CLASS = YES_ERROR;
				CLANG_WARN_RANGE_LOOP_ANALYSIS = YES;
				CLANG_WARN_STRICT_PROTOTYPES = YES;
				CLANG_WARN_SUSPICIOUS_MOVE = YES;
				CLANG_WARN_UNGUARDED_AVAILABILITY = YES_AGGRESSIVE;
				CLANG_WARN_UNREACHABLE_CODE = YES;
				CLANG_WARN__DUPLICATE_METHOD_MATCH = YES;
				CODE_SIGN_IDENTITY = "iPhone Developer";
				COPY_PHASE_STRIP = NO;
				DEBUG_INFORMATION_FORMAT = "dwarf-with-dsym";
				ENABLE_NS_ASSERTIONS = NO;
				ENABLE_STRICT_OBJC_MSGSEND = YES;
				GCC_C_LANGUAGE_STANDARD = gnu11;
				GCC_NO_COMMON_BLOCKS = YES;
				GCC_WARN_64_TO_32_BIT_CONVERSION = YES;
				GCC_WARN_ABOUT_RETURN_TYPE = YES_ERROR;
				GCC_WARN_UNDECLARED_SELECTOR = YES;
				GCC_WARN_UNINITIALIZED_AUTOS = YES_AGGRESSIVE;
				GCC_WARN_UNUSED_FUNCTION = YES;
				GCC_WARN_UNUSED_VARIABLE = YES;
				IPHONEOS_DEPLOYMENT_TARGET = 11.4;
				MTL_ENABLE_DEBUG_INFO = NO;
				SDKROOT = iphoneos;
				SWIFT_COMPILATION_MODE = wholemodule;
				SWIFT_OPTIMIZATION_LEVEL = "-O";
				VALIDATE_PRODUCT = YES;
			};
			name = Release;
		};
		EA25C18121457F580014ECBB /* Debug */ = {
			isa = XCBuildConfiguration;
			buildSettings = {
				ASSETCATALOG_COMPILER_APPICON_NAME = AppIcon;
				CODE_SIGN_STYLE = Automatic;
				DEVELOPMENT_TEAM = 33X64W8ST8;
				INFOPLIST_FILE = googleMapApp/Info.plist;
				LD_RUNPATH_SEARCH_PATHS = (
					"$(inherited)",
					"@executable_path/Frameworks",
				);
				PRODUCT_BUNDLE_IDENTIFIER = com.mapapp.googleMapApp;
				PRODUCT_NAME = "$(TARGET_NAME)";
				SWIFT_VERSION = 4.0;
				TARGETED_DEVICE_FAMILY = "1,2";
			};
			name = Debug;
		};
		EA25C18221457F580014ECBB /* Release */ = {
			isa = XCBuildConfiguration;
			buildSettings = {
				ASSETCATALOG_COMPILER_APPICON_NAME = AppIcon;
				CODE_SIGN_STYLE = Automatic;
				DEVELOPMENT_TEAM = 33X64W8ST8;
				INFOPLIST_FILE = googleMapApp/Info.plist;
				LD_RUNPATH_SEARCH_PATHS = (
					"$(inherited)",
					"@executable_path/Frameworks",
				);
				PRODUCT_BUNDLE_IDENTIFIER = com.mapapp.googleMapApp;
				PRODUCT_NAME = "$(TARGET_NAME)";
				SWIFT_VERSION = 4.0;
				TARGETED_DEVICE_FAMILY = "1,2";
			};
			name = Release;
		};
		EA25C18421457F580014ECBB /* Debug */ = {
			isa = XCBuildConfiguration;
			buildSettings = {
				ALWAYS_EMBED_SWIFT_STANDARD_LIBRARIES = YES;
				BUNDLE_LOADER = "$(TEST_HOST)";
				CODE_SIGN_STYLE = Automatic;
				DEVELOPMENT_TEAM = 33X64W8ST8;
				INFOPLIST_FILE = googleMapAppTests/Info.plist;
				LD_RUNPATH_SEARCH_PATHS = (
					"$(inherited)",
					"@executable_path/Frameworks",
					"@loader_path/Frameworks",
				);
				PRODUCT_BUNDLE_IDENTIFIER = com.mapapp.googleMapAppTests;
				PRODUCT_NAME = "$(TARGET_NAME)";
				SWIFT_VERSION = 4.0;
				TARGETED_DEVICE_FAMILY = "1,2";
				TEST_HOST = "$(BUILT_PRODUCTS_DIR)/googleMapApp.app/googleMapApp";
			};
			name = Debug;
		};
		EA25C18521457F580014ECBB /* Release */ = {
			isa = XCBuildConfiguration;
			buildSettings = {
				ALWAYS_EMBED_SWIFT_STANDARD_LIBRARIES = YES;
				BUNDLE_LOADER = "$(TEST_HOST)";
				CODE_SIGN_STYLE = Automatic;
				DEVELOPMENT_TEAM = 33X64W8ST8;
				INFOPLIST_FILE = googleMapAppTests/Info.plist;
				LD_RUNPATH_SEARCH_PATHS = (
					"$(inherited)",
					"@executable_path/Frameworks",
					"@loader_path/Frameworks",
				);
				PRODUCT_BUNDLE_IDENTIFIER = com.mapapp.googleMapAppTests;
				PRODUCT_NAME = "$(TARGET_NAME)";
				SWIFT_VERSION = 4.0;
				TARGETED_DEVICE_FAMILY = "1,2";
				TEST_HOST = "$(BUILT_PRODUCTS_DIR)/googleMapApp.app/googleMapApp";
			};
			name = Release;
		};
		EA25C18721457F580014ECBB /* Debug */ = {
			isa = XCBuildConfiguration;
			buildSettings = {
				ALWAYS_EMBED_SWIFT_STANDARD_LIBRARIES = YES;
				CODE_SIGN_STYLE = Automatic;
				DEVELOPMENT_TEAM = 33X64W8ST8;
				INFOPLIST_FILE = googleMapAppUITests/Info.plist;
				LD_RUNPATH_SEARCH_PATHS = (
					"$(inherited)",
					"@executable_path/Frameworks",
					"@loader_path/Frameworks",
				);
				PRODUCT_BUNDLE_IDENTIFIER = com.mapapp.googleMapAppUITests;
				PRODUCT_NAME = "$(TARGET_NAME)";
				SWIFT_VERSION = 4.0;
				TARGETED_DEVICE_FAMILY = "1,2";
				TEST_TARGET_NAME = googleMapApp;
			};
			name = Debug;
		};
		EA25C18821457F580014ECBB /* Release */ = {
			isa = XCBuildConfiguration;
			buildSettings = {
				ALWAYS_EMBED_SWIFT_STANDARD_LIBRARIES = YES;
				CODE_SIGN_STYLE = Automatic;
				DEVELOPMENT_TEAM = 33X64W8ST8;
				INFOPLIST_FILE = googleMapAppUITests/Info.plist;
				LD_RUNPATH_SEARCH_PATHS = (
					"$(inherited)",
					"@executable_path/Frameworks",
					"@loader_path/Frameworks",
				);
				PRODUCT_BUNDLE_IDENTIFIER = com.mapapp.googleMapAppUITests;
				PRODUCT_NAME = "$(TARGET_NAME)";
				SWIFT_VERSION = 4.0;
				TARGETED_DEVICE_FAMILY = "1,2";
				TEST_TARGET_NAME = googleMapApp;
			};
			name = Release;
		};
/* End XCBuildConfiguration section */

/* Begin XCConfigurationList section */
		EA25C15321457F520014ECBB /* Build configuration list for PBXProject "googleMapApp" */ = {
			isa = XCConfigurationList;
			buildConfigurations = (
				EA25C17E21457F580014ECBB /* Debug */,
				EA25C17F21457F580014ECBB /* Release */,
			);
			defaultConfigurationIsVisible = 0;
			defaultConfigurationName = Release;
		};
		EA25C18021457F580014ECBB /* Build configuration list for PBXNativeTarget "googleMapApp" */ = {
			isa = XCConfigurationList;
			buildConfigurations = (
				EA25C18121457F580014ECBB /* Debug */,
				EA25C18221457F580014ECBB /* Release */,
			);
			defaultConfigurationIsVisible = 0;
			defaultConfigurationName = Release;
		};
		EA25C18321457F580014ECBB /* Build configuration list for PBXNativeTarget "googleMapAppTests" */ = {
			isa = XCConfigurationList;
			buildConfigurations = (
				EA25C18421457F580014ECBB /* Debug */,
				EA25C18521457F580014ECBB /* Release */,
			);
			defaultConfigurationIsVisible = 0;
			defaultConfigurationName = Release;
		};
		EA25C18621457F580014ECBB /* Build configuration list for PBXNativeTarget "googleMapAppUITests" */ = {
			isa = XCConfigurationList;
			buildConfigurations = (
				EA25C18721457F580014ECBB /* Debug */,
				EA25C18821457F580014ECBB /* Release */,
			);
			defaultConfigurationIsVisible = 0;
			defaultConfigurationName = Release;
		};
/* End XCConfigurationList section */
	};
	rootObject = EA25C15021457F520014ECBB /* Project object */;
}
