// !$*UTF8*$!
{
	archiveVersion = 1;
	classes = {
	};
	objectVersion = 50;
	objects = {

/* Begin PBXBuildFile section */
		EA4FCC54210A7DD0006D909F /* AppDelegate.swift in Sources */ = {isa = PBXBuildFile; fileRef = EA4FCC53210A7DD0006D909F /* AppDelegate.swift */; };
		EA4FCC56210A7DD0006D909F /* GameScene.sks in Resources */ = {isa = PBXBuildFile; fileRef = EA4FCC55210A7DD0006D909F /* GameScene.sks */; };
		EA4FCC58210A7DD0006D909F /* Actions.sks in Resources */ = {isa = PBXBuildFile; fileRef = EA4FCC57210A7DD0006D909F /* Actions.sks */; };
		EA4FCC5A210A7DD0006D909F /* GameScene.swift in Sources */ = {isa = PBXBuildFile; fileRef = EA4FCC59210A7DD0006D909F /* GameScene.swift */; };
		EA4FCC5C210A7DD0006D909F /* GameViewController.swift in Sources */ = {isa = PBXBuildFile; fileRef = EA4FCC5B210A7DD0006D909F /* GameViewController.swift */; };
		EA4FCC5F210A7DD0006D909F /* Main.storyboard in Resources */ = {isa = PBXBuildFile; fileRef = EA4FCC5D210A7DD0006D909F /* Main.storyboard */; };
		EA4FCC61210A7DDA006D909F /* Assets.xcassets in Resources */ = {isa = PBXBuildFile; fileRef = EA4FCC60210A7DDA006D909F /* Assets.xcassets */; };
		EA4FCC64210A7DDA006D909F /* LaunchScreen.storyboard in Resources */ = {isa = PBXBuildFile; fileRef = EA4FCC62210A7DDA006D909F /* LaunchScreen.storyboard */; };
/* End PBXBuildFile section */

/* Begin PBXFileReference section */
		EA4FCC50210A7DD0006D909F /* ar-testing.app */ = {isa = PBXFileReference; explicitFileType = wrapper.application; includeInIndex = 0; path = "ar-testing.app"; sourceTree = BUILT_PRODUCTS_DIR; };
		EA4FCC53210A7DD0006D909F /* AppDelegate.swift */ = {isa = PBXFileReference; lastKnownFileType = sourcecode.swift; path = AppDelegate.swift; sourceTree = "<group>"; };
		EA4FCC55210A7DD0006D909F /* GameScene.sks */ = {isa = PBXFileReference; lastKnownFileType = file.sks; path = GameScene.sks; sourceTree = "<group>"; };
		EA4FCC57210A7DD0006D909F /* Actions.sks */ = {isa = PBXFileReference; lastKnownFileType = file.sks; path = Actions.sks; sourceTree = "<group>"; };
		EA4FCC59210A7DD0006D909F /* GameScene.swift */ = {isa = PBXFileReference; lastKnownFileType = sourcecode.swift; path = GameScene.swift; sourceTree = "<group>"; };
		EA4FCC5B210A7DD0006D909F /* GameViewController.swift */ = {isa = PBXFileReference; lastKnownFileType = sourcecode.swift; path = GameViewController.swift; sourceTree = "<group>"; };
		EA4FCC5E210A7DD0006D909F /* Base */ = {isa = PBXFileReference; lastKnownFileType = file.storyboard; name = Base; path = Base.lproj/Main.storyboard; sourceTree = "<group>"; };
		EA4FCC60210A7DDA006D909F /* Assets.xcassets */ = {isa = PBXFileReference; lastKnownFileType = folder.assetcatalog; path = Assets.xcassets; sourceTree = "<group>"; };
		EA4FCC63210A7DDA006D909F /* Base */ = {isa = PBXFileReference; lastKnownFileType = file.storyboard; name = Base; path = Base.lproj/LaunchScreen.storyboard; sourceTree = "<group>"; };
		EA4FCC65210A7DDA006D909F /* Info.plist */ = {isa = PBXFileReference; lastKnownFileType = text.plist.xml; path = Info.plist; sourceTree = "<group>"; };
/* End PBXFileReference section */

/* Begin PBXFrameworksBuildPhase section */
		EA4FCC4D210A7DD0006D909F /* Frameworks */ = {
			isa = PBXFrameworksBuildPhase;
			buildActionMask = 2147483647;
			files = (
			);
			runOnlyForDeploymentPostprocessing = 0;
		};
/* End PBXFrameworksBuildPhase section */

/* Begin PBXGroup section */
		EA4FCC47210A7DD0006D909F = {
			isa = PBXGroup;
			children = (
				EA4FCC52210A7DD0006D909F /* ar-testing */,
				EA4FCC51210A7DD0006D909F /* Products */,
			);
			sourceTree = "<group>";
		};
		EA4FCC51210A7DD0006D909F /* Products */ = {
			isa = PBXGroup;
			children = (
				EA4FCC50210A7DD0006D909F /* ar-testing.app */,
			);
			name = Products;
			sourceTree = "<group>";
		};
		EA4FCC52210A7DD0006D909F /* ar-testing */ = {
			isa = PBXGroup;
			children = (
				EA4FCC53210A7DD0006D909F /* AppDelegate.swift */,
				EA4FCC55210A7DD0006D909F /* GameScene.sks */,
				EA4FCC57210A7DD0006D909F /* Actions.sks */,
				EA4FCC59210A7DD0006D909F /* GameScene.swift */,
				EA4FCC5B210A7DD0006D909F /* GameViewController.swift */,
				EA4FCC5D210A7DD0006D909F /* Main.storyboard */,
				EA4FCC60210A7DDA006D909F /* Assets.xcassets */,
				EA4FCC62210A7DDA006D909F /* LaunchScreen.storyboard */,
				EA4FCC65210A7DDA006D909F /* Info.plist */,
			);
			path = "ar-testing";
			sourceTree = "<group>";
		};
/* End PBXGroup section */

/* Begin PBXNativeTarget section */
		EA4FCC4F210A7DD0006D909F /* ar-testing */ = {
			isa = PBXNativeTarget;
			buildConfigurationList = EA4FCC68210A7DDB006D909F /* Build configuration list for PBXNativeTarget "ar-testing" */;
			buildPhases = (
				EA4FCC4C210A7DD0006D909F /* Sources */,
				EA4FCC4D210A7DD0006D909F /* Frameworks */,
				EA4FCC4E210A7DD0006D909F /* Resources */,
			);
			buildRules = (
			);
			dependencies = (
			);
			name = "ar-testing";
			productName = "ar-testing";
			productReference = EA4FCC50210A7DD0006D909F /* ar-testing.app */;
			productType = "com.apple.product-type.application";
		};
/* End PBXNativeTarget section */

/* Begin PBXProject section */
		EA4FCC48210A7DD0006D909F /* Project object */ = {
			isa = PBXProject;
			attributes = {
				LastSwiftUpdateCheck = 0940;
				LastUpgradeCheck = 0940;
				ORGANIZATIONNAME = mapapp;
				TargetAttributes = {
					EA4FCC4F210A7DD0006D909F = {
						CreatedOnToolsVersion = 9.4.1;
					};
				};
			};
			buildConfigurationList = EA4FCC4B210A7DD0006D909F /* Build configuration list for PBXProject "ar-testing" */;
			compatibilityVersion = "Xcode 9.3";
			developmentRegion = en;
			hasScannedForEncodings = 0;
			knownRegions = (
				en,
				Base,
			);
			mainGroup = EA4FCC47210A7DD0006D909F;
			productRefGroup = EA4FCC51210A7DD0006D909F /* Products */;
			projectDirPath = "";
			projectRoot = "";
			targets = (
				EA4FCC4F210A7DD0006D909F /* ar-testing */,
			);
		};
/* End PBXProject section */

/* Begin PBXResourcesBuildPhase section */
		EA4FCC4E210A7DD0006D909F /* Resources */ = {
			isa = PBXResourcesBuildPhase;
			buildActionMask = 2147483647;
			files = (
				EA4FCC5F210A7DD0006D909F /* Main.storyboard in Resources */,
				EA4FCC56210A7DD0006D909F /* GameScene.sks in Resources */,
				EA4FCC61210A7DDA006D909F /* Assets.xcassets in Resources */,
				EA4FCC64210A7DDA006D909F /* LaunchScreen.storyboard in Resources */,
				EA4FCC58210A7DD0006D909F /* Actions.sks in Resources */,
			);
			runOnlyForDeploymentPostprocessing = 0;
		};
/* End PBXResourcesBuildPhase section */

/* Begin PBXSourcesBuildPhase section */
		EA4FCC4C210A7DD0006D909F /* Sources */ = {
			isa = PBXSourcesBuildPhase;
			buildActionMask = 2147483647;
			files = (
				EA4FCC5A210A7DD0006D909F /* GameScene.swift in Sources */,
				EA4FCC5C210A7DD0006D909F /* GameViewController.swift in Sources */,
				EA4FCC54210A7DD0006D909F /* AppDelegate.swift in Sources */,
			);
			runOnlyForDeploymentPostprocessing = 0;
		};
/* End PBXSourcesBuildPhase section */

/* Begin PBXVariantGroup section */
		EA4FCC5D210A7DD0006D909F /* Main.storyboard */ = {
			isa = PBXVariantGroup;
			children = (
				EA4FCC5E210A7DD0006D909F /* Base */,
			);
			name = Main.storyboard;
			sourceTree = "<group>";
		};
		EA4FCC62210A7DDA006D909F /* LaunchScreen.storyboard */ = {
			isa = PBXVariantGroup;
			children = (
				EA4FCC63210A7DDA006D909F /* Base */,
			);
			name = LaunchScreen.storyboard;
			sourceTree = "<group>";
		};
/* End PBXVariantGroup section */

/* Begin XCBuildConfiguration section */
		EA4FCC66210A7DDA006D909F /* Debug */ = {
			isa = XCBuildConfiguration;
			buildSettings = {
				ALWAYS_SEARCH_USER_PATHS = NO;
				CLANG_ANALYZER_NONNULL = YES;
				CLANG_ANALYZER_NUMBER_OBJECT_CONVERSION = YES_AGGRESSIVE;
				CLANG_CXX_LANGUAGE_STANDARD = "gnu++14";
				CLANG_CXX_LIBRARY = "libc++";
				CLANG_ENABLE_MODULES = YES;
				CLANG_ENABLE_OBJC_ARC = YES;
				CLANG_ENABLE_OBJC_WEAK = YES;
				CLANG_WARN_BLOCK_CAPTURE_AUTORELEASING = YES;
				CLANG_WARN_BOOL_CONVERSION = YES;
				CLANG_WARN_COMMA = YES;
				CLANG_WARN_CONSTANT_CONVERSION = YES;
				CLANG_WARN_DEPRECATED_OBJC_IMPLEMENTATIONS = YES;
				CLANG_WARN_DIRECT_OBJC_ISA_USAGE = YES_ERROR;
				CLANG_WARN_DOCUMENTATION_COMMENTS = YES;
				CLANG_WARN_EMPTY_BODY = YES;
				CLANG_WARN_ENUM_CONVERSION = YES;
				CLANG_WARN_INFINITE_RECURSION = YES;
				CLANG_WARN_INT_CONVERSION = YES;
				CLANG_WARN_NON_LITERAL_NULL_CONVERSION = YES;
				CLANG_WARN_OBJC_IMPLICIT_RETAIN_SELF = YES;
				CLANG_WARN_OBJC_LITERAL_CONVERSION = YES;
				CLANG_WARN_OBJC_ROOT_CLASS = YES_ERROR;
				CLANG_WARN_RANGE_LOOP_ANALYSIS = YES;
				CLANG_WARN_STRICT_PROTOTYPES = YES;
				CLANG_WARN_SUSPICIOUS_MOVE = YES;
				CLANG_WARN_UNGUARDED_AVAILABILITY = YES_AGGRESSIVE;
				CLANG_WARN_UNREACHABLE_CODE = YES;
				CLANG_WARN__DUPLICATE_METHOD_MATCH = YES;
				CODE_SIGN_IDENTITY = "iPhone Developer";
				COPY_PHASE_STRIP = NO;
				DEBUG_INFORMATION_FORMAT = dwarf;
				ENABLE_STRICT_OBJC_MSGSEND = YES;
				ENABLE_TESTABILITY = YES;
				GCC_C_LANGUAGE_STANDARD = gnu11;
				GCC_DYNAMIC_NO_PIC = NO;
				GCC_NO_COMMON_BLOCKS = YES;
				GCC_OPTIMIZATION_LEVEL = 0;
				GCC_PREPROCESSOR_DEFINITIONS = (
					"DEBUG=1",
					"$(inherited)",
				);
				GCC_WARN_64_TO_32_BIT_CONVERSION = YES;
				GCC_WARN_ABOUT_RETURN_TYPE = YES_ERROR;
				GCC_WARN_UNDECLARED_SELECTOR = YES;
				GCC_WARN_UNINITIALIZED_AUTOS = YES_AGGRESSIVE;
				GCC_WARN_UNUSED_FUNCTION = YES;
				GCC_WARN_UNUSED_VARIABLE = YES;
				IPHONEOS_DEPLOYMENT_TARGET = 11.4;
				MTL_ENABLE_DEBUG_INFO = YES;
				ONLY_ACTIVE_ARCH = YES;
				SDKROOT = iphoneos;
				SWIFT_ACTIVE_COMPILATION_CONDITIONS = DEBUG;
				SWIFT_OPTIMIZATION_LEVEL = "-Onone";
			};
			name = Debug;
		};
		EA4FCC67210A7DDA006D909F /* Release */ = {
			isa = XCBuildConfiguration;
			buildSettings = {
				ALWAYS_SEARCH_USER_PATHS = NO;
				CLANG_ANALYZER_NONNULL = YES;
				CLANG_ANALYZER_NUMBER_OBJECT_CONVERSION = YES_AGGRESSIVE;
				CLANG_CXX_LANGUAGE_STANDARD = "gnu++14";
				CLANG_CXX_LIBRARY = "libc++";
				CLANG_ENABLE_MODULES = YES;
				CLANG_ENABLE_OBJC_ARC = YES;
				CLANG_ENABLE_OBJC_WEAK = YES;
				CLANG_WARN_BLOCK_CAPTURE_AUTORELEASING = YES;
				CLANG_WARN_BOOL_CONVERSION = YES;
				CLANG_WARN_COMMA = YES;
				CLANG_WARN_CONSTANT_CONVERSION = YES;
				CLANG_WARN_DEPRECATED_OBJC_IMPLEMENTATIONS = YES;
				CLANG_WARN_DIRECT_OBJC_ISA_USAGE = YES_ERROR;
				CLANG_WARN_DOCUMENTATION_COMMENTS = YES;
				CLANG_WARN_EMPTY_BODY = YES;
				CLANG_WARN_ENUM_CONVERSION = YES;
				CLANG_WARN_INFINITE_RECURSION = YES;
				CLANG_WARN_INT_CONVERSION = YES;
				CLANG_WARN_NON_LITERAL_NULL_CONVERSION = YES;
				CLANG_WARN_OBJC_IMPLICIT_RETAIN_SELF = YES;
				CLANG_WARN_OBJC_LITERAL_CONVERSION = YES;
				CLANG_WARN_OBJC_ROOT_CLASS = YES_ERROR;
				CLANG_WARN_RANGE_LOOP_ANALYSIS = YES;
				CLANG_WARN_STRICT_PROTOTYPES = YES;
				CLANG_WARN_SUSPICIOUS_MOVE = YES;
				CLANG_WARN_UNGUARDED_AVAILABILITY = YES_AGGRESSIVE;
				CLANG_WARN_UNREACHABLE_CODE = YES;
				CLANG_WARN__DUPLICATE_METHOD_MATCH = YES;
				CODE_SIGN_IDENTITY = "iPhone Developer";
				COPY_PHASE_STRIP = NO;
				DEBUG_INFORMATION_FORMAT = "dwarf-with-dsym";
				ENABLE_NS_ASSERTIONS = NO;
				ENABLE_STRICT_OBJC_MSGSEND = YES;
				GCC_C_LANGUAGE_STANDARD = gnu11;
				GCC_NO_COMMON_BLOCKS = YES;
				GCC_WARN_64_TO_32_BIT_CONVERSION = YES;
				GCC_WARN_ABOUT_RETURN_TYPE = YES_ERROR;
				GCC_WARN_UNDECLARED_SELECTOR = YES;
				GCC_WARN_UNINITIALIZED_AUTOS = YES_AGGRESSIVE;
				GCC_WARN_UNUSED_FUNCTION = YES;
				GCC_WARN_UNUSED_VARIABLE = YES;
				IPHONEOS_DEPLOYMENT_TARGET = 11.4;
				MTL_ENABLE_DEBUG_INFO = NO;
				SDKROOT = iphoneos;
				SWIFT_COMPILATION_MODE = wholemodule;
				SWIFT_OPTIMIZATION_LEVEL = "-O";
				VALIDATE_PRODUCT = YES;
			};
			name = Release;
		};
		EA4FCC69210A7DDB006D909F /* Debug */ = {
			isa = XCBuildConfiguration;
			buildSettings = {
				ASSETCATALOG_COMPILER_APPICON_NAME = AppIcon;
				CODE_SIGN_STYLE = Automatic;
				INFOPLIST_FILE = "ar-testing/Info.plist";
				LD_RUNPATH_SEARCH_PATHS = (
					"$(inherited)",
					"@executable_path/Frameworks",
				);
				PRODUCT_BUNDLE_IDENTIFIER = "com.mapapp.ar-testing";
				PRODUCT_NAME = "$(TARGET_NAME)";
				SWIFT_VERSION = 4.0;
				TARGETED_DEVICE_FAMILY = "1,2";
			};
			name = Debug;
		};
		EA4FCC6A210A7DDB006D909F /* Release */ = {
			isa = XCBuildConfiguration;
			buildSettings = {
				ASSETCATALOG_COMPILER_APPICON_NAME = AppIcon;
				CODE_SIGN_STYLE = Automatic;
				INFOPLIST_FILE = "ar-testing/Info.plist";
				LD_RUNPATH_SEARCH_PATHS = (
					"$(inherited)",
					"@executable_path/Frameworks",
				);
				PRODUCT_BUNDLE_IDENTIFIER = "com.mapapp.ar-testing";
				PRODUCT_NAME = "$(TARGET_NAME)";
				SWIFT_VERSION = 4.0;
				TARGETED_DEVICE_FAMILY = "1,2";
			};
			name = Release;
		};
/* End XCBuildConfiguration section */

/* Begin XCConfigurationList section */
		EA4FCC4B210A7DD0006D909F /* Build configuration list for PBXProject "ar-testing" */ = {
			isa = XCConfigurationList;
			buildConfigurations = (
				EA4FCC66210A7DDA006D909F /* Debug */,
				EA4FCC67210A7DDA006D909F /* Release */,
			);
			defaultConfigurationIsVisible = 0;
			defaultConfigurationName = Release;
		};
		EA4FCC68210A7DDB006D909F /* Build configuration list for PBXNativeTarget "ar-testing" */ = {
			isa = XCConfigurationList;
			buildConfigurations = (
				EA4FCC69210A7DDB006D909F /* Debug */,
				EA4FCC6A210A7DDB006D909F /* Release */,
			);
			defaultConfigurationIsVisible = 0;
			defaultConfigurationName = Release;
		};
/* End XCConfigurationList section */
	};
	rootObject = EA4FCC48210A7DD0006D909F /* Project object */;
}
